// !$*UTF8*$!
{
	archiveVersion = 1;
	classes = {
	};
	objectVersion = 50;
	objects = {

/* Begin PBXBuildFile section */
		2D891B3425E3C816001EC9BD /* FileHandring.swift in Sources */ = {isa = PBXBuildFile; fileRef = 2D891B3325E3C816001EC9BD /* FileHandring.swift */; };
		2D891B3725E3C885001EC9BD /* rev01.swift in Sources */ = {isa = PBXBuildFile; fileRef = 2D891B3625E3C885001EC9BD /* rev01.swift */; };
		2D891B3A25E3C8FB001EC9BD /* RecordList.swift in Sources */ = {isa = PBXBuildFile; fileRef = 2D891B3925E3C8FB001EC9BD /* RecordList.swift */; };
		2D891B3D25E3D720001EC9BD /* InputSheet.swift in Sources */ = {isa = PBXBuildFile; fileRef = 2D891B3C25E3D720001EC9BD /* InputSheet.swift */; };
		2D891B4025E3E70D001EC9BD /* ConfigList.swift in Sources */ = {isa = PBXBuildFile; fileRef = 2D891B3F25E3E70D001EC9BD /* ConfigList.swift */; };
		2D891B4425E3EFDE001EC9BD /* Vitalrecord.swift in Sources */ = {isa = PBXBuildFile; fileRef = 2D891B4325E3EFDE001EC9BD /* Vitalrecord.swift */; };
		2D891B4825E3F2DF001EC9BD /* ModelData.swift in Sources */ = {isa = PBXBuildFile; fileRef = 2D891B4725E3F2DF001EC9BD /* ModelData.swift */; };
		2D891B5225E3F488001EC9BD /* vitalrecordData.json in Resources */ = {isa = PBXBuildFile; fileRef = 2D891B5125E3F488001EC9BD /* vitalrecordData.json */; };
		2D891B5725E3FF7A001EC9BD /* RecordRow.swift in Sources */ = {isa = PBXBuildFile; fileRef = 2D891B5625E3FF7A001EC9BD /* RecordRow.swift */; };
		2DFF38EF25DB9EDD00D528A7 /* hakarunApp.swift in Sources */ = {isa = PBXBuildFile; fileRef = 2DFF38EE25DB9EDD00D528A7 /* hakarunApp.swift */; };
		2DFF38F125DB9EDD00D528A7 /* ContentView.swift in Sources */ = {isa = PBXBuildFile; fileRef = 2DFF38F025DB9EDD00D528A7 /* ContentView.swift */; };
		2DFF38F325DB9EDE00D528A7 /* Assets.xcassets in Resources */ = {isa = PBXBuildFile; fileRef = 2DFF38F225DB9EDE00D528A7 /* Assets.xcassets */; };
		2DFF38F625DB9EDE00D528A7 /* Preview Assets.xcassets in Resources */ = {isa = PBXBuildFile; fileRef = 2DFF38F525DB9EDE00D528A7 /* Preview Assets.xcassets */; };
/* End PBXBuildFile section */

/* Begin PBXFileReference section */
		2D891B3325E3C816001EC9BD /* FileHandring.swift */ = {isa = PBXFileReference; lastKnownFileType = sourcecode.swift; path = FileHandring.swift; sourceTree = "<group>"; };
		2D891B3625E3C885001EC9BD /* rev01.swift */ = {isa = PBXFileReference; lastKnownFileType = sourcecode.swift; path = rev01.swift; sourceTree = "<group>"; };
		2D891B3925E3C8FB001EC9BD /* RecordList.swift */ = {isa = PBXFileReference; lastKnownFileType = sourcecode.swift; path = RecordList.swift; sourceTree = "<group>"; };
		2D891B3C25E3D720001EC9BD /* InputSheet.swift */ = {isa = PBXFileReference; lastKnownFileType = sourcecode.swift; path = InputSheet.swift; sourceTree = "<group>"; };
		2D891B3F25E3E70D001EC9BD /* ConfigList.swift */ = {isa = PBXFileReference; lastKnownFileType = sourcecode.swift; path = ConfigList.swift; sourceTree = "<group>"; };
		2D891B4325E3EFDE001EC9BD /* Vitalrecord.swift */ = {isa = PBXFileReference; lastKnownFileType = sourcecode.swift; path = Vitalrecord.swift; sourceTree = "<group>"; };
		2D891B4725E3F2DF001EC9BD /* ModelData.swift */ = {isa = PBXFileReference; fileEncoding = 4; lastKnownFileType = sourcecode.swift; path = ModelData.swift; sourceTree = "<group>"; };
		2D891B5125E3F488001EC9BD /* vitalrecordData.json */ = {isa = PBXFileReference; fileEncoding = 4; lastKnownFileType = text.json; path = vitalrecordData.json; sourceTree = "<group>"; };
		2D891B5625E3FF7A001EC9BD /* RecordRow.swift */ = {isa = PBXFileReference; lastKnownFileType = sourcecode.swift; path = RecordRow.swift; sourceTree = "<group>"; };
		2DFF38EB25DB9EDD00D528A7 /* hakarun.app */ = {isa = PBXFileReference; explicitFileType = wrapper.application; includeInIndex = 0; path = hakarun.app; sourceTree = BUILT_PRODUCTS_DIR; };
		2DFF38EE25DB9EDD00D528A7 /* hakarunApp.swift */ = {isa = PBXFileReference; lastKnownFileType = sourcecode.swift; path = hakarunApp.swift; sourceTree = "<group>"; };
		2DFF38F025DB9EDD00D528A7 /* ContentView.swift */ = {isa = PBXFileReference; lastKnownFileType = sourcecode.swift; path = ContentView.swift; sourceTree = "<group>"; };
		2DFF38F225DB9EDE00D528A7 /* Assets.xcassets */ = {isa = PBXFileReference; lastKnownFileType = folder.assetcatalog; path = Assets.xcassets; sourceTree = "<group>"; };
		2DFF38F525DB9EDE00D528A7 /* Preview Assets.xcassets */ = {isa = PBXFileReference; lastKnownFileType = folder.assetcatalog; path = "Preview Assets.xcassets"; sourceTree = "<group>"; };
		2DFF38F725DB9EDE00D528A7 /* Info.plist */ = {isa = PBXFileReference; lastKnownFileType = text.plist.xml; path = Info.plist; sourceTree = "<group>"; };
/* End PBXFileReference section */

/* Begin PBXFrameworksBuildPhase section */
		2DFF38E825DB9EDD00D528A7 /* Frameworks */ = {
			isa = PBXFrameworksBuildPhase;
			buildActionMask = 2147483647;
			files = (
			);
			runOnlyForDeploymentPostprocessing = 0;
		};
/* End PBXFrameworksBuildPhase section */

/* Begin PBXGroup section */
		2D891B4A25E3F302001EC9BD /* Model */ = {
			isa = PBXGroup;
			children = (
				2D891B4725E3F2DF001EC9BD /* ModelData.swift */,
				2D891B4325E3EFDE001EC9BD /* Vitalrecord.swift */,
			);
			path = Model;
			sourceTree = "<group>";
		};
		2D891B5025E3F488001EC9BD /* Resources */ = {
			isa = PBXGroup;
			children = (
				2D891B5125E3F488001EC9BD /* vitalrecordData.json */,
			);
			path = Resources;
			sourceTree = "<group>";
		};
		2DFF38E225DB9EDD00D528A7 = {
			isa = PBXGroup;
			children = (
				2DFF38ED25DB9EDD00D528A7 /* hakarun */,
				2DFF38EC25DB9EDD00D528A7 /* Products */,
			);
			sourceTree = "<group>";
		};
		2DFF38EC25DB9EDD00D528A7 /* Products */ = {
			isa = PBXGroup;
			children = (
				2DFF38EB25DB9EDD00D528A7 /* hakarun.app */,
			);
			name = Products;
			sourceTree = "<group>";
		};
		2DFF38ED25DB9EDD00D528A7 /* hakarun */ = {
			isa = PBXGroup;
			children = (
				2DFF38EE25DB9EDD00D528A7 /* hakarunApp.swift */,
				2DFF38F025DB9EDD00D528A7 /* ContentView.swift */,
				2D891B3925E3C8FB001EC9BD /* RecordList.swift */,
				2D891B5625E3FF7A001EC9BD /* RecordRow.swift */,
				2D891B3C25E3D720001EC9BD /* InputSheet.swift */,
				2D891B3F25E3E70D001EC9BD /* ConfigList.swift */,
				2D891B4A25E3F302001EC9BD /* Model */,
				2D891B5025E3F488001EC9BD /* Resources */,
				2D891B3625E3C885001EC9BD /* rev01.swift */,
				2D891B3325E3C816001EC9BD /* FileHandring.swift */,
				2DFF38F225DB9EDE00D528A7 /* Assets.xcassets */,
				2DFF38F725DB9EDE00D528A7 /* Info.plist */,
				2DFF38F425DB9EDE00D528A7 /* Preview Content */,
			);
			path = hakarun;
			sourceTree = "<group>";
		};
		2DFF38F425DB9EDE00D528A7 /* Preview Content */ = {
			isa = PBXGroup;
			children = (
				2DFF38F525DB9EDE00D528A7 /* Preview Assets.xcassets */,
			);
			path = "Preview Content";
			sourceTree = "<group>";
		};
/* End PBXGroup section */

/* Begin PBXNativeTarget section */
		2DFF38EA25DB9EDD00D528A7 /* hakarun */ = {
			isa = PBXNativeTarget;
			buildConfigurationList = 2DFF38FA25DB9EDE00D528A7 /* Build configuration list for PBXNativeTarget "hakarun" */;
			buildPhases = (
				2DFF38E725DB9EDD00D528A7 /* Sources */,
				2DFF38E825DB9EDD00D528A7 /* Frameworks */,
				2DFF38E925DB9EDD00D528A7 /* Resources */,
			);
			buildRules = (
			);
			dependencies = (
			);
			name = hakarun;
			productName = hakarun;
			productReference = 2DFF38EB25DB9EDD00D528A7 /* hakarun.app */;
			productType = "com.apple.product-type.application";
		};
/* End PBXNativeTarget section */

/* Begin PBXProject section */
		2DFF38E325DB9EDD00D528A7 /* Project object */ = {
			isa = PBXProject;
			attributes = {
				LastSwiftUpdateCheck = 1240;
				LastUpgradeCheck = 1240;
				TargetAttributes = {
					2DFF38EA25DB9EDD00D528A7 = {
						CreatedOnToolsVersion = 12.4;
					};
				};
			};
			buildConfigurationList = 2DFF38E625DB9EDD00D528A7 /* Build configuration list for PBXProject "hakarun" */;
			compatibilityVersion = "Xcode 9.3";
			developmentRegion = en;
			hasScannedForEncodings = 0;
			knownRegions = (
				en,
				Base,
			);
			mainGroup = 2DFF38E225DB9EDD00D528A7;
			productRefGroup = 2DFF38EC25DB9EDD00D528A7 /* Products */;
			projectDirPath = "";
			projectRoot = "";
			targets = (
				2DFF38EA25DB9EDD00D528A7 /* hakarun */,
			);
		};
/* End PBXProject section */

/* Begin PBXResourcesBuildPhase section */
		2DFF38E925DB9EDD00D528A7 /* Resources */ = {
			isa = PBXResourcesBuildPhase;
			buildActionMask = 2147483647;
			files = (
				2DFF38F625DB9EDE00D528A7 /* Preview Assets.xcassets in Resources */,
				2DFF38F325DB9EDE00D528A7 /* Assets.xcassets in Resources */,
				2D891B5225E3F488001EC9BD /* vitalrecordData.json in Resources */,
			);
			runOnlyForDeploymentPostprocessing = 0;
		};
/* End PBXResourcesBuildPhase section */

/* Begin PBXSourcesBuildPhase section */
		2DFF38E725DB9EDD00D528A7 /* Sources */ = {
			isa = PBXSourcesBuildPhase;
			buildActionMask = 2147483647;
			files = (
				2D891B3D25E3D720001EC9BD /* InputSheet.swift in Sources */,
				2D891B3725E3C885001EC9BD /* rev01.swift in Sources */,
				2D891B4825E3F2DF001EC9BD /* ModelData.swift in Sources */,
				2D891B3A25E3C8FB001EC9BD /* RecordList.swift in Sources */,
				2D891B4425E3EFDE001EC9BD /* Vitalrecord.swift in Sources */,
				2DFF38F125DB9EDD00D528A7 /* ContentView.swift in Sources */,
				2DFF38EF25DB9EDD00D528A7 /* hakarunApp.swift in Sources */,
				2D891B5725E3FF7A001EC9BD /* RecordRow.swift in Sources */,
				2D891B3425E3C816001EC9BD /* FileHandring.swift in Sources */,
				2D891B4025E3E70D001EC9BD /* ConfigList.swift in Sources */,
			);
			runOnlyForDeploymentPostprocessing = 0;
		};
/* End PBXSourcesBuildPhase section */

/* Begin XCBuildConfiguration section */
		2DFF38F825DB9EDE00D528A7 /* Debug */ = {
			isa = XCBuildConfiguration;
			buildSettings = {
				ALWAYS_SEARCH_USER_PATHS = NO;
				CLANG_ANALYZER_NONNULL = YES;
				CLANG_ANALYZER_NUMBER_OBJECT_CONVERSION = YES_AGGRESSIVE;
				CLANG_CXX_LANGUAGE_STANDARD = "gnu++14";
				CLANG_CXX_LIBRARY = "libc++";
				CLANG_ENABLE_MODULES = YES;
				CLANG_ENABLE_OBJC_ARC = YES;
				CLANG_ENABLE_OBJC_WEAK = YES;
				CLANG_WARN_BLOCK_CAPTURE_AUTORELEASING = YES;
				CLANG_WARN_BOOL_CONVERSION = YES;
				CLANG_WARN_COMMA = YES;
				CLANG_WARN_CONSTANT_CONVERSION = YES;
				CLANG_WARN_DEPRECATED_OBJC_IMPLEMENTATIONS = YES;
				CLANG_WARN_DIRECT_OBJC_ISA_USAGE = YES_ERROR;
				CLANG_WARN_DOCUMENTATION_COMMENTS = YES;
				CLANG_WARN_EMPTY_BODY = YES;
				CLANG_WARN_ENUM_CONVERSION = YES;
				CLANG_WARN_INFINITE_RECURSION = YES;
				CLANG_WARN_INT_CONVERSION = YES;
				CLANG_WARN_NON_LITERAL_NULL_CONVERSION = YES;
				CLANG_WARN_OBJC_IMPLICIT_RETAIN_SELF = YES;
				CLANG_WARN_OBJC_LITERAL_CONVERSION = YES;
				CLANG_WARN_OBJC_ROOT_CLASS = YES_ERROR;
				CLANG_WARN_QUOTED_INCLUDE_IN_FRAMEWORK_HEADER = YES;
				CLANG_WARN_RANGE_LOOP_ANALYSIS = YES;
				CLANG_WARN_STRICT_PROTOTYPES = YES;
				CLANG_WARN_SUSPICIOUS_MOVE = YES;
				CLANG_WARN_UNGUARDED_AVAILABILITY = YES_AGGRESSIVE;
				CLANG_WARN_UNREACHABLE_CODE = YES;
				CLANG_WARN__DUPLICATE_METHOD_MATCH = YES;
				COPY_PHASE_STRIP = NO;
				DEBUG_INFORMATION_FORMAT = dwarf;
				ENABLE_STRICT_OBJC_MSGSEND = YES;
				ENABLE_TESTABILITY = YES;
				GCC_C_LANGUAGE_STANDARD = gnu11;
				GCC_DYNAMIC_NO_PIC = NO;
				GCC_NO_COMMON_BLOCKS = YES;
				GCC_OPTIMIZATION_LEVEL = 0;
				GCC_PREPROCESSOR_DEFINITIONS = (
					"DEBUG=1",
					"$(inherited)",
				);
				GCC_WARN_64_TO_32_BIT_CONVERSION = YES;
				GCC_WARN_ABOUT_RETURN_TYPE = YES_ERROR;
				GCC_WARN_UNDECLARED_SELECTOR = YES;
				GCC_WARN_UNINITIALIZED_AUTOS = YES_AGGRESSIVE;
				GCC_WARN_UNUSED_FUNCTION = YES;
				GCC_WARN_UNUSED_VARIABLE = YES;
				IPHONEOS_DEPLOYMENT_TARGET = 14.4;
				MTL_ENABLE_DEBUG_INFO = INCLUDE_SOURCE;
				MTL_FAST_MATH = YES;
				ONLY_ACTIVE_ARCH = YES;
				SDKROOT = iphoneos;
				SWIFT_ACTIVE_COMPILATION_CONDITIONS = DEBUG;
				SWIFT_OPTIMIZATION_LEVEL = "-Onone";
			};
			name = Debug;
		};
		2DFF38F925DB9EDE00D528A7 /* Release */ = {
			isa = XCBuildConfiguration;
			buildSettings = {
				ALWAYS_SEARCH_USER_PATHS = NO;
				CLANG_ANALYZER_NONNULL = YES;
				CLANG_ANALYZER_NUMBER_OBJECT_CONVERSION = YES_AGGRESSIVE;
				CLANG_CXX_LANGUAGE_STANDARD = "gnu++14";
				CLANG_CXX_LIBRARY = "libc++";
				CLANG_ENABLE_MODULES = YES;
				CLANG_ENABLE_OBJC_ARC = YES;
				CLANG_ENABLE_OBJC_WEAK = YES;
				CLANG_WARN_BLOCK_CAPTURE_AUTORELEASING = YES;
				CLANG_WARN_BOOL_CONVERSION = YES;
				CLANG_WARN_COMMA = YES;
				CLANG_WARN_CONSTANT_CONVERSION = YES;
				CLANG_WARN_DEPRECATED_OBJC_IMPLEMENTATIONS = YES;
				CLANG_WARN_DIRECT_OBJC_ISA_USAGE = YES_ERROR;
				CLANG_WARN_DOCUMENTATION_COMMENTS = YES;
				CLANG_WARN_EMPTY_BODY = YES;
				CLANG_WARN_ENUM_CONVERSION = YES;
				CLANG_WARN_INFINITE_RECURSION = YES;
				CLANG_WARN_INT_CONVERSION = YES;
				CLANG_WARN_NON_LITERAL_NULL_CONVERSION = YES;
				CLANG_WARN_OBJC_IMPLICIT_RETAIN_SELF = YES;
				CLANG_WARN_OBJC_LITERAL_CONVERSION = YES;
				CLANG_WARN_OBJC_ROOT_CLASS = YES_ERROR;
				CLANG_WARN_QUOTED_INCLUDE_IN_FRAMEWORK_HEADER = YES;
				CLANG_WARN_RANGE_LOOP_ANALYSIS = YES;
				CLANG_WARN_STRICT_PROTOTYPES = YES;
				CLANG_WARN_SUSPICIOUS_MOVE = YES;
				CLANG_WARN_UNGUARDED_AVAILABILITY = YES_AGGRESSIVE;
				CLANG_WARN_UNREACHABLE_CODE = YES;
				CLANG_WARN__DUPLICATE_METHOD_MATCH = YES;
				COPY_PHASE_STRIP = NO;
				DEBUG_INFORMATION_FORMAT = "dwarf-with-dsym";
				ENABLE_NS_ASSERTIONS = NO;
				ENABLE_STRICT_OBJC_MSGSEND = YES;
				GCC_C_LANGUAGE_STANDARD = gnu11;
				GCC_NO_COMMON_BLOCKS = YES;
				GCC_WARN_64_TO_32_BIT_CONVERSION = YES;
				GCC_WARN_ABOUT_RETURN_TYPE = YES_ERROR;
				GCC_WARN_UNDECLARED_SELECTOR = YES;
				GCC_WARN_UNINITIALIZED_AUTOS = YES_AGGRESSIVE;
				GCC_WARN_UNUSED_FUNCTION = YES;
				GCC_WARN_UNUSED_VARIABLE = YES;
				IPHONEOS_DEPLOYMENT_TARGET = 14.4;
				MTL_ENABLE_DEBUG_INFO = NO;
				MTL_FAST_MATH = YES;
				SDKROOT = iphoneos;
				SWIFT_COMPILATION_MODE = wholemodule;
				SWIFT_OPTIMIZATION_LEVEL = "-O";
				VALIDATE_PRODUCT = YES;
			};
			name = Release;
		};
		2DFF38FB25DB9EDE00D528A7 /* Debug */ = {
			isa = XCBuildConfiguration;
			buildSettings = {
				ASSETCATALOG_COMPILER_APPICON_NAME = AppIcon;
				ASSETCATALOG_COMPILER_GLOBAL_ACCENT_COLOR_NAME = AccentColor;
				CODE_SIGN_STYLE = Automatic;
				DEVELOPMENT_ASSET_PATHS = "\"hakarun/Preview Content\"";
				DEVELOPMENT_TEAM = VSQPR2WB96;
				ENABLE_PREVIEWS = YES;
				INFOPLIST_FILE = hakarun/Info.plist;
				IPHONEOS_DEPLOYMENT_TARGET = 14.0;
				LD_RUNPATH_SEARCH_PATHS = (
					"$(inherited)",
					"@executable_path/Frameworks",
				);
				PRODUCT_BUNDLE_IDENTIFIER = mi.hakarun;
				PRODUCT_NAME = "$(TARGET_NAME)";
				SWIFT_VERSION = 5.0;
				TARGETED_DEVICE_FAMILY = "1,2";
			};
			name = Debug;
		};
		2DFF38FC25DB9EDE00D528A7 /* Release */ = {
			isa = XCBuildConfiguration;
			buildSettings = {
				ASSETCATALOG_COMPILER_APPICON_NAME = AppIcon;
				ASSETCATALOG_COMPILER_GLOBAL_ACCENT_COLOR_NAME = AccentColor;
				CODE_SIGN_STYLE = Automatic;
				DEVELOPMENT_ASSET_PATHS = "\"hakarun/Preview Content\"";
				DEVELOPMENT_TEAM = VSQPR2WB96;
				ENABLE_PREVIEWS = YES;
				INFOPLIST_FILE = hakarun/Info.plist;
				IPHONEOS_DEPLOYMENT_TARGET = 14.0;
				LD_RUNPATH_SEARCH_PATHS = (
					"$(inherited)",
					"@executable_path/Frameworks",
				);
				PRODUCT_BUNDLE_IDENTIFIER = mi.hakarun;
				PRODUCT_NAME = "$(TARGET_NAME)";
				SWIFT_VERSION = 5.0;
				TARGETED_DEVICE_FAMILY = "1,2";
			};
			name = Release;
		};
/* End XCBuildConfiguration section */

/* Begin XCConfigurationList section */
		2DFF38E625DB9EDD00D528A7 /* Build configuration list for PBXProject "hakarun" */ = {
			isa = XCConfigurationList;
			buildConfigurations = (
				2DFF38F825DB9EDE00D528A7 /* Debug */,
				2DFF38F925DB9EDE00D528A7 /* Release */,
			);
			defaultConfigurationIsVisible = 0;
			defaultConfigurationName = Release;
		};
		2DFF38FA25DB9EDE00D528A7 /* Build configuration list for PBXNativeTarget "hakarun" */ = {
			isa = XCConfigurationList;
			buildConfigurations = (
				2DFF38FB25DB9EDE00D528A7 /* Debug */,
				2DFF38FC25DB9EDE00D528A7 /* Release */,
			);
			defaultConfigurationIsVisible = 0;
			defaultConfigurationName = Release;
		};
/* End XCConfigurationList section */
	};
	rootObject = 2DFF38E325DB9EDD00D528A7 /* Project object */;
}
